
Microsoft Visual Studio Solution File, Format Version 12.00
# Visual Studio Version 16
VisualStudioVersion = 16.0.30907.101
MinimumVisualStudioVersion = 10.0.40219.1
Project("{FAE04EC0-301F-11D3-BF4B-00C04F79EFBC}") = "FormApostas", "FormApostas\FormApostas.csproj", "{BFE912D1-A82F-4532-A285-4453C2134EF8}"
EndProject
Global
	GlobalSection(SolutionConfigurationPlatforms) = preSolution
		Debug|Any CPU = Debug|Any CPU
		Release|Any CPU = Release|Any CPU
	EndGlobalSection
	GlobalSection(ProjectConfigurationPlatforms) = postSolution
		{BFE912D1-A82F-4532-A285-4453C2134EF8}.Debug|Any CPU.ActiveCfg = Debug|Any CPU
		{BFE912D1-A82F-4532-A285-4453C2134EF8}.Debug|Any CPU.Build.0 = Debug|Any CPU
		{BFE912D1-A82F-4532-A285-4453C2134EF8}.Release|Any CPU.ActiveCfg = Release|Any CPU
		{BFE912D1-A82F-4532-A285-4453C2134EF8}.Release|Any CPU.Build.0 = Release|Any CPU
	EndGlobalSection
	GlobalSection(SolutionProperties) = preSolution
		HideSolutionNode = FALSE
	EndGlobalSection
	GlobalSection(ExtensibilityGlobals) = postSolution
		SolutionGuid = {F3E4458E-6838-4A92-ABB4-9AC127BF2679}
	EndGlobalSection
EndGlobal
